github.com/davecgh/go-spew v1.1.0/go.mod h1:J7Y8YcW2NihsgmVo/mv3lAwl/skON4iLHjSsI+c5H38=
github.com/davecgh/go-spew v1.1.1 h1:vj9j/u1bqnvCEfJOwUhtlOARqs3+rkHYY13jYWTU97c=
github.com/davecgh/go-spew v1.1.1/go.mod h1:J7Y8YcW2NihsgmVo/mv3lAwl/skON4iLHjSsI+c5H38=
github.com/joomcode/errorx v1.2.0 h1:7Y/fguon+9r6a/75Rv3nrUwS7nXNEcJjLShjCvz00Og=
github.com/joomcode/errorx v1.2.0/go.mod h1:Mbz68VA9hsQLT50iCQQUZ2Z1XYAKYB4EoFkFCTFyiJM=
github.com/pmezard/go-difflib v1.0.0 h1:4DBwDE0NGyQoBHbLQYPwSUPoCMWR5BEzIk/f1lZbAQM=
github.com/pmezard/go-difflib v1.0.0/go.mod h1:iKH77koFhYxTK1pcRnkKkqfTogsbg7gZNVY4sRDYZ/4=
github.com/smart-libs/go-adapter/http/lib v0.0.2 h1:JbyAyWNNbp0CDshwJon76K3BQSfEvhrxKiBhgha/R2E=
github.com/smart-libs/go-adapter/http/lib v0.0.2/go.mod h1:gb8/RQ5/1Rje480yAqMpm0YK6UdNnJi/p4uDtGBSCn4=
github.com/smart-libs/go-adapter/interfaces v0.0.1 h1:qgHrwQEcKa+D0gQMdIQVmg3X0O+w7QtjkOueLU6ag2g=
github.com/smart-libs/go-adapter/interfaces v0.0.1/go.mod h1:dUzbmPy3NbyTxyvh/f0chNxoUtQhgFmSchiTPf6RABs=
github.com/smart-libs/go-adapter/sdk/lib v0.0.1 h1:M4EMbzo2rXXf/VYJLA+SVb6ybzHOaZJ3FaxvXvx93kk=
github.com/smart-libs/go-adapter/sdk/lib v0.0.1/go.mod h1:BSTRBRbilDT+1RqxV8rlat0yJfhtriTnW/asBx06iPw=
github.com/smart-libs/go-crosscutting/assertions/lib v0.0.6 h1:pdFswEdol8Jph3EglFtWxqJGNYlek/qqf9eE56WK0IY=
github.com/smart-libs/go-crosscutting/assertions/lib v0.0.6/go.mod h1:Knv2n4RlkddW33VTSvkmofY5DnKr0VCU8rYsypSewTo=
github.com/smart-libs/go-crosscutting/converter/lib v0.0.1 h1:IW85xyp8+TBmdozpOgPDg1e08Fv+rlVamhNfoVz48fo=
github.com/smart-libs/go-crosscutting/converter/lib v0.0.1/go.mod h1:yU0HffzngMAh8J01tRUXbt334d2UG1NHSD008h8vprw=
github.com/smart-libs/go-crosscutting/serror/lib v0.0.2 h1:c1qG8GSuMIAZPLR1hKvAZBDzKVPW5+yLExHlPf80Kl8=
github.com/smart-libs/go-crosscutting/serror/lib v0.0.2/go.mod h1:9UE/zMbeLQ3UTrfvrzf9s/P9fE2uG018bYvgvCWgyyc=
github.com/stretchr/objx v0.1.0/go.mod h1:HFkY916IF+rwdDfMAkV7OtwuqBVzrE8GR6GFx+wExME=
github.com/stretchr/testify v1.4.0/go.mod h1:j7eGeouHqKxXV5pUuKE4zz7dFj8WfuZ+81PSLYec5m4=
github.com/stretchr/testify v1.11.1 h1:7s2iGBzp5EwR7/aIZr8ao5+dra3wiQyKjjFuvgVKu7U=
github.com/stretchr/testify v1.11.1/go.mod h1:wZwfW3scLgRK+23gO65QZefKpKQRnfz6sD981Nm4B6U=
gopkg.in/check.v1 v0.0.0-20161208181325-20d25e280405 h1:yhCVgyC4o1eVCa2tZl7eS0r+SDo693bJlVdllGtEeKM=
gopkg.in/check.v1 v0.0.0-20161208181325-20d25e280405/go.mod h1:Co6ibVJAznAaIkqp8huTwlJQCZ016jof/cbN4VW5Yz0=
gopkg.in/yaml.v2 v2.2.2/go.mod h1:hI93XBmqTisBFMUTm0b8Fm+jr3Dg1NNxqwp+5A1VGuI=
gopkg.in/yaml.v3 v3.0.1 h1:fxVm/GzAzEWqLHuvctI91KS9hhNmmWOoWu0XTYJS7CA=
gopkg.in/yaml.v3 v3.0.1/go.mod h1:K4uyk7z7BCEPqu6E+C64Yfv1cQ7kz7rIZviUmN+EgEM=
